// !$*UTF8*$!
{
	archiveVersion = 1;
	classes = {
	};
	objectVersion = 50;
	objects = {

/* Begin PBXBuildFile section */
		C20A034A217707B200695DD8 /* My_Pic.jpg in Resources */ = {isa = PBXBuildFile; fileRef = C20A0349217707B200695DD8 /* My_Pic.jpg */; };
		C20A034F21770EDF00695DD8 /* CollectionViewCell.swift in Sources */ = {isa = PBXBuildFile; fileRef = C20A034D21770EDF00695DD8 /* CollectionViewCell.swift */; };
		C20A035021770EDF00695DD8 /* CollectionViewCell.xib in Resources */ = {isa = PBXBuildFile; fileRef = C20A034E21770EDF00695DD8 /* CollectionViewCell.xib */; };
		C28D9741217701C900BA8A8B /* AppDelegate.swift in Sources */ = {isa = PBXBuildFile; fileRef = C28D9740217701C900BA8A8B /* AppDelegate.swift */; };
		C28D9743217701C900BA8A8B /* ViewController.swift in Sources */ = {isa = PBXBuildFile; fileRef = C28D9742217701C900BA8A8B /* ViewController.swift */; };
		C28D9746217701C900BA8A8B /* Main.storyboard in Resources */ = {isa = PBXBuildFile; fileRef = C28D9744217701C900BA8A8B /* Main.storyboard */; };
		C28D9748217701CA00BA8A8B /* Assets.xcassets in Resources */ = {isa = PBXBuildFile; fileRef = C28D9747217701CA00BA8A8B /* Assets.xcassets */; };
		C28D974B217701CA00BA8A8B /* LaunchScreen.storyboard in Resources */ = {isa = PBXBuildFile; fileRef = C28D9749217701CA00BA8A8B /* LaunchScreen.storyboard */; };
		C28D97542177050200BA8A8B /* CustomCell.swift in Sources */ = {isa = PBXBuildFile; fileRef = C28D97532177050200BA8A8B /* CustomCell.swift */; };
/* End PBXBuildFile section */

/* Begin PBXFileReference section */
		C20A0349217707B200695DD8 /* My_Pic.jpg */ = {isa = PBXFileReference; lastKnownFileType = image.jpeg; path = My_Pic.jpg; sourceTree = "<group>"; };
		C20A034D21770EDF00695DD8 /* CollectionViewCell.swift */ = {isa = PBXFileReference; lastKnownFileType = sourcecode.swift; path = CollectionViewCell.swift; sourceTree = "<group>"; };
		C20A034E21770EDF00695DD8 /* CollectionViewCell.xib */ = {isa = PBXFileReference; lastKnownFileType = file.xib; path = CollectionViewCell.xib; sourceTree = "<group>"; };
		C28D973D217701C900BA8A8B /* TestTblView.app */ = {isa = PBXFileReference; explicitFileType = wrapper.application; includeInIndex = 0; path = TestTblView.app; sourceTree = BUILT_PRODUCTS_DIR; };
		C28D9740217701C900BA8A8B /* AppDelegate.swift */ = {isa = PBXFileReference; lastKnownFileType = sourcecode.swift; path = AppDelegate.swift; sourceTree = "<group>"; };
		C28D9742217701C900BA8A8B /* ViewController.swift */ = {isa = PBXFileReference; lastKnownFileType = sourcecode.swift; path = ViewController.swift; sourceTree = "<group>"; };
		C28D9745217701C900BA8A8B /* Base */ = {isa = PBXFileReference; lastKnownFileType = file.storyboard; name = Base; path = Base.lproj/Main.storyboard; sourceTree = "<group>"; };
		C28D9747217701CA00BA8A8B /* Assets.xcassets */ = {isa = PBXFileReference; lastKnownFileType = folder.assetcatalog; path = Assets.xcassets; sourceTree = "<group>"; };
		C28D974A217701CA00BA8A8B /* Base */ = {isa = PBXFileReference; lastKnownFileType = file.storyboard; name = Base; path = Base.lproj/LaunchScreen.storyboard; sourceTree = "<group>"; };
		C28D974C217701CA00BA8A8B /* Info.plist */ = {isa = PBXFileReference; lastKnownFileType = text.plist.xml; path = Info.plist; sourceTree = "<group>"; };
		C28D97532177050200BA8A8B /* CustomCell.swift */ = {isa = PBXFileReference; lastKnownFileType = sourcecode.swift; path = CustomCell.swift; sourceTree = "<group>"; };
/* End PBXFileReference section */

/* Begin PBXFrameworksBuildPhase section */
		C28D973A217701C800BA8A8B /* Frameworks */ = {
			isa = PBXFrameworksBuildPhase;
			buildActionMask = 2147483647;
			files = (
			);
			runOnlyForDeploymentPostprocessing = 0;
		};
/* End PBXFrameworksBuildPhase section */

/* Begin PBXGroup section */
		C28D9734217701C800BA8A8B = {
			isa = PBXGroup;
			children = (
				C28D973F217701C900BA8A8B /* TestTblView */,
				C28D973E217701C900BA8A8B /* Products */,
			);
			sourceTree = "<group>";
		};
		C28D973E217701C900BA8A8B /* Products */ = {
			isa = PBXGroup;
			children = (
				C28D973D217701C900BA8A8B /* TestTblView.app */,
			);
			name = Products;
			sourceTree = "<group>";
		};
		C28D973F217701C900BA8A8B /* TestTblView */ = {
			isa = PBXGroup;
			children = (
				C20A0349217707B200695DD8 /* My_Pic.jpg */,
				C28D9740217701C900BA8A8B /* AppDelegate.swift */,
				C28D9742217701C900BA8A8B /* ViewController.swift */,
				C28D9752217704E300BA8A8B /* CustomCell */,
				C28D9744217701C900BA8A8B /* Main.storyboard */,
				C28D9747217701CA00BA8A8B /* Assets.xcassets */,
				C28D9749217701CA00BA8A8B /* LaunchScreen.storyboard */,
				C28D974C217701CA00BA8A8B /* Info.plist */,
			);
			path = TestTblView;
			sourceTree = "<group>";
		};
		C28D9752217704E300BA8A8B /* CustomCell */ = {
			isa = PBXGroup;
			children = (
				C28D97532177050200BA8A8B /* CustomCell.swift */,
				C20A034D21770EDF00695DD8 /* CollectionViewCell.swift */,
				C20A034E21770EDF00695DD8 /* CollectionViewCell.xib */,
			);
			path = CustomCell;
			sourceTree = "<group>";
		};
/* End PBXGroup section */

/* Begin PBXNativeTarget section */
		C28D973C217701C800BA8A8B /* TestTblView */ = {
			isa = PBXNativeTarget;
			buildConfigurationList = C28D974F217701CA00BA8A8B /* Build configuration list for PBXNativeTarget "TestTblView" */;
			buildPhases = (
				C28D9739217701C800BA8A8B /* Sources */,
				C28D973A217701C800BA8A8B /* Frameworks */,
				C28D973B217701C800BA8A8B /* Resources */,
			);
			buildRules = (
			);
			dependencies = (
			);
			name = TestTblView;
			productName = TestTblView;
			productReference = C28D973D217701C900BA8A8B /* TestTblView.app */;
			productType = "com.apple.product-type.application";
		};
/* End PBXNativeTarget section */

/* Begin PBXProject section */
		C28D9735217701C800BA8A8B /* Project object */ = {
			isa = PBXProject;
			attributes = {
				LastSwiftUpdateCheck = 1000;
				LastUpgradeCheck = 1000;
				ORGANIZATIONNAME = Mangi;
				TargetAttributes = {
					C28D973C217701C800BA8A8B = {
						CreatedOnToolsVersion = 10.0;
					};
				};
			};
			buildConfigurationList = C28D9738217701C800BA8A8B /* Build configuration list for PBXProject "TestTblView" */;
			compatibilityVersion = "Xcode 9.3";
			developmentRegion = en;
			hasScannedForEncodings = 0;
			knownRegions = (
				en,
				Base,
			);
			mainGroup = C28D9734217701C800BA8A8B;
			productRefGroup = C28D973E217701C900BA8A8B /* Products */;
			projectDirPath = "";
			projectRoot = "";
			targets = (
				C28D973C217701C800BA8A8B /* TestTblView */,
			);
		};
/* End PBXProject section */

/* Begin PBXResourcesBuildPhase section */
		C28D973B217701C800BA8A8B /* Resources */ = {
			isa = PBXResourcesBuildPhase;
			buildActionMask = 2147483647;
			files = (
				C28D974B217701CA00BA8A8B /* LaunchScreen.storyboard in Resources */,
				C28D9748217701CA00BA8A8B /* Assets.xcassets in Resources */,
				C20A034A217707B200695DD8 /* My_Pic.jpg in Resources */,
				C28D9746217701C900BA8A8B /* Main.storyboard in Resources */,
				C20A035021770EDF00695DD8 /* CollectionViewCell.xib in Resources */,
			);
			runOnlyForDeploymentPostprocessing = 0;
		};
/* End PBXResourcesBuildPhase section */

/* Begin PBXSourcesBuildPhase section */
		C28D9739217701C800BA8A8B /* Sources */ = {
			isa = PBXSourcesBuildPhase;
			buildActionMask = 2147483647;
			files = (
				C20A034F21770EDF00695DD8 /* CollectionViewCell.swift in Sources */,
				C28D9743217701C900BA8A8B /* ViewController.swift in Sources */,
				C28D97542177050200BA8A8B /* CustomCell.swift in Sources */,
				C28D9741217701C900BA8A8B /* AppDelegate.swift in Sources */,
			);
			runOnlyForDeploymentPostprocessing = 0;
		};
/* End PBXSourcesBuildPhase section */

/* Begin PBXVariantGroup section */
		C28D9744217701C900BA8A8B /* Main.storyboard */ = {
			isa = PBXVariantGroup;
			children = (
				C28D9745217701C900BA8A8B /* Base */,
			);
			name = Main.storyboard;
			sourceTree = "<group>";
		};
		C28D9749217701CA00BA8A8B /* LaunchScreen.storyboard */ = {
			isa = PBXVariantGroup;
			children = (
				C28D974A217701CA00BA8A8B /* Base */,
			);
			name = LaunchScreen.storyboard;
			sourceTree = "<group>";
		};
/* End PBXVariantGroup section */

/* Begin XCBuildConfiguration section */
		C28D974D217701CA00BA8A8B /* Debug */ = {
			isa = XCBuildConfiguration;
			buildSettings = {
				ALWAYS_SEARCH_USER_PATHS = NO;
				CLANG_ANALYZER_NONNULL = YES;
				CLANG_ANALYZER_NUMBER_OBJECT_CONVERSION = YES_AGGRESSIVE;
				CLANG_CXX_LANGUAGE_STANDARD = "gnu++14";
				CLANG_CXX_LIBRARY = "libc++";
				CLANG_ENABLE_MODULES = YES;
				CLANG_ENABLE_OBJC_ARC = YES;
				CLANG_ENABLE_OBJC_WEAK = YES;
				CLANG_WARN_BLOCK_CAPTURE_AUTORELEASING = YES;
				CLANG_WARN_BOOL_CONVERSION = YES;
				CLANG_WARN_COMMA = YES;
				CLANG_WARN_CONSTANT_CONVERSION = YES;
				CLANG_WARN_DEPRECATED_OBJC_IMPLEMENTATIONS = YES;
				CLANG_WARN_DIRECT_OBJC_ISA_USAGE = YES_ERROR;
				CLANG_WARN_DOCUMENTATION_COMMENTS = YES;
				CLANG_WARN_EMPTY_BODY = YES;
				CLANG_WARN_ENUM_CONVERSION = YES;
				CLANG_WARN_INFINITE_RECURSION = YES;
				CLANG_WARN_INT_CONVERSION = YES;
				CLANG_WARN_NON_LITERAL_NULL_CONVERSION = YES;
				CLANG_WARN_OBJC_IMPLICIT_RETAIN_SELF = YES;
				CLANG_WARN_OBJC_LITERAL_CONVERSION = YES;
				CLANG_WARN_OBJC_ROOT_CLASS = YES_ERROR;
				CLANG_WARN_RANGE_LOOP_ANALYSIS = YES;
				CLANG_WARN_STRICT_PROTOTYPES = YES;
				CLANG_WARN_SUSPICIOUS_MOVE = YES;
				CLANG_WARN_UNGUARDED_AVAILABILITY = YES_AGGRESSIVE;
				CLANG_WARN_UNREACHABLE_CODE = YES;
				CLANG_WARN__DUPLICATE_METHOD_MATCH = YES;
				CODE_SIGN_IDENTITY = "iPhone Developer";
				COPY_PHASE_STRIP = NO;
				DEBUG_INFORMATION_FORMAT = dwarf;
				ENABLE_STRICT_OBJC_MSGSEND = YES;
				ENABLE_TESTABILITY = YES;
				GCC_C_LANGUAGE_STANDARD = gnu11;
				GCC_DYNAMIC_NO_PIC = NO;
				GCC_NO_COMMON_BLOCKS = YES;
				GCC_OPTIMIZATION_LEVEL = 0;
				GCC_PREPROCESSOR_DEFINITIONS = (
					"DEBUG=1",
					"$(inherited)",
				);
				GCC_WARN_64_TO_32_BIT_CONVERSION = YES;
				GCC_WARN_ABOUT_RETURN_TYPE = YES_ERROR;
				GCC_WARN_UNDECLARED_SELECTOR = YES;
				GCC_WARN_UNINITIALIZED_AUTOS = YES_AGGRESSIVE;
				GCC_WARN_UNUSED_FUNCTION = YES;
				GCC_WARN_UNUSED_VARIABLE = YES;
				IPHONEOS_DEPLOYMENT_TARGET = 12.0;
				MTL_ENABLE_DEBUG_INFO = INCLUDE_SOURCE;
				MTL_FAST_MATH = YES;
				ONLY_ACTIVE_ARCH = YES;
				SDKROOT = iphoneos;
				SWIFT_ACTIVE_COMPILATION_CONDITIONS = DEBUG;
				SWIFT_OPTIMIZATION_LEVEL = "-Onone";
			};
			name = Debug;
		};
		C28D974E217701CA00BA8A8B /* Release */ = {
			isa = XCBuildConfiguration;
			buildSettings = {
				ALWAYS_SEARCH_USER_PATHS = NO;
				CLANG_ANALYZER_NONNULL = YES;
				CLANG_ANALYZER_NUMBER_OBJECT_CONVERSION = YES_AGGRESSIVE;
				CLANG_CXX_LANGUAGE_STANDARD = "gnu++14";
				CLANG_CXX_LIBRARY = "libc++";
				CLANG_ENABLE_MODULES = YES;
				CLANG_ENABLE_OBJC_ARC = YES;
				CLANG_ENABLE_OBJC_WEAK = YES;
				CLANG_WARN_BLOCK_CAPTURE_AUTORELEASING = YES;
				CLANG_WARN_BOOL_CONVERSION = YES;
				CLANG_WARN_COMMA = YES;
				CLANG_WARN_CONSTANT_CONVERSION = YES;
				CLANG_WARN_DEPRECATED_OBJC_IMPLEMENTATIONS = YES;
				CLANG_WARN_DIRECT_OBJC_ISA_USAGE = YES_ERROR;
				CLANG_WARN_DOCUMENTATION_COMMENTS = YES;
				CLANG_WARN_EMPTY_BODY = YES;
				CLANG_WARN_ENUM_CONVERSION = YES;
				CLANG_WARN_INFINITE_RECURSION = YES;
				CLANG_WARN_INT_CONVERSION = YES;
				CLANG_WARN_NON_LITERAL_NULL_CONVERSION = YES;
				CLANG_WARN_OBJC_IMPLICIT_RETAIN_SELF = YES;
				CLANG_WARN_OBJC_LITERAL_CONVERSION = YES;
				CLANG_WARN_OBJC_ROOT_CLASS = YES_ERROR;
				CLANG_WARN_RANGE_LOOP_ANALYSIS = YES;
				CLANG_WARN_STRICT_PROTOTYPES = YES;
				CLANG_WARN_SUSPICIOUS_MOVE = YES;
				CLANG_WARN_UNGUARDED_AVAILABILITY = YES_AGGRESSIVE;
				CLANG_WARN_UNREACHABLE_CODE = YES;
				CLANG_WARN__DUPLICATE_METHOD_MATCH = YES;
				CODE_SIGN_IDENTITY = "iPhone Developer";
				COPY_PHASE_STRIP = NO;
				DEBUG_INFORMATION_FORMAT = "dwarf-with-dsym";
				ENABLE_NS_ASSERTIONS = NO;
				ENABLE_STRICT_OBJC_MSGSEND = YES;
				GCC_C_LANGUAGE_STANDARD = gnu11;
				GCC_NO_COMMON_BLOCKS = YES;
				GCC_WARN_64_TO_32_BIT_CONVERSION = YES;
				GCC_WARN_ABOUT_RETURN_TYPE = YES_ERROR;
				GCC_WARN_UNDECLARED_SELECTOR = YES;
				GCC_WARN_UNINITIALIZED_AUTOS = YES_AGGRESSIVE;
				GCC_WARN_UNUSED_FUNCTION = YES;
				GCC_WARN_UNUSED_VARIABLE = YES;
				IPHONEOS_DEPLOYMENT_TARGET = 12.0;
				MTL_ENABLE_DEBUG_INFO = NO;
				MTL_FAST_MATH = YES;
				SDKROOT = iphoneos;
				SWIFT_COMPILATION_MODE = wholemodule;
				SWIFT_OPTIMIZATION_LEVEL = "-O";
				VALIDATE_PRODUCT = YES;
			};
			name = Release;
		};
		C28D9750217701CA00BA8A8B /* Debug */ = {
			isa = XCBuildConfiguration;
			buildSettings = {
				ASSETCATALOG_COMPILER_APPICON_NAME = AppIcon;
				CODE_SIGN_STYLE = Automatic;
				DEVELOPMENT_TEAM = SNZJZ6N84M;
				INFOPLIST_FILE = TestTblView/Info.plist;
				IPHONEOS_DEPLOYMENT_TARGET = 10.0;
				LD_RUNPATH_SEARCH_PATHS = (
					"$(inherited)",
					"@executable_path/Frameworks",
				);
				PRODUCT_BUNDLE_IDENTIFIER = com.sc.PunchWize;
				PRODUCT_NAME = "$(TARGET_NAME)";
				SWIFT_VERSION = 4.2;
				TARGETED_DEVICE_FAMILY = "1,2";
			};
			name = Debug;
		};
		C28D9751217701CA00BA8A8B /* Release */ = {
			isa = XCBuildConfiguration;
			buildSettings = {
				ASSETCATALOG_COMPILER_APPICON_NAME = AppIcon;
				CODE_SIGN_STYLE = Automatic;
				DEVELOPMENT_TEAM = SNZJZ6N84M;
				INFOPLIST_FILE = TestTblView/Info.plist;
				IPHONEOS_DEPLOYMENT_TARGET = 10.0;
				LD_RUNPATH_SEARCH_PATHS = (
					"$(inherited)",
					"@executable_path/Frameworks",
				);
				PRODUCT_BUNDLE_IDENTIFIER = com.sc.PunchWize;
				PRODUCT_NAME = "$(TARGET_NAME)";
				SWIFT_VERSION = 4.2;
				TARGETED_DEVICE_FAMILY = "1,2";
			};
			name = Release;
		};
/* End XCBuildConfiguration section */

/* Begin XCConfigurationList section */
		C28D9738217701C800BA8A8B /* Build configuration list for PBXProject "TestTblView" */ = {
			isa = XCConfigurationList;
			buildConfigurations = (
				C28D974D217701CA00BA8A8B /* Debug */,
				C28D974E217701CA00BA8A8B /* Release */,
			);
			defaultConfigurationIsVisible = 0;
			defaultConfigurationName = Release;
		};
		C28D974F217701CA00BA8A8B /* Build configuration list for PBXNativeTarget "TestTblView" */ = {
			isa = XCConfigurationList;
			buildConfigurations = (
				C28D9750217701CA00BA8A8B /* Debug */,
				C28D9751217701CA00BA8A8B /* Release */,
			);
			defaultConfigurationIsVisible = 0;
			defaultConfigurationName = Release;
		};
/* End XCConfigurationList section */
	};
	rootObject = C28D9735217701C800BA8A8B /* Project object */;
}
